
Microsoft Visual Studio Solution File, Format Version 12.00
# Visual Studio Version 16
VisualStudioVersion = 25.0.1705.2
MinimumVisualStudioVersion = 10.0.40219.1
Project("{FAE04EC0-301F-11D3-BF4B-00C04F79EFBC}") = "PlatinumLife", "Platinum Life\PlatinumLife.csproj", "{77237203-14EF-453D-B8B9-379FB4157A1F}"
EndProject
Global
	GlobalSection(SolutionConfigurationPlatforms) = preSolution
		Debug|Any CPU = Debug|Any CPU
		Release|Any CPU = Release|Any CPU
	EndGlobalSection
	GlobalSection(ProjectConfigurationPlatforms) = postSolution
		{77237203-14EF-453D-B8B9-379FB4157A1F}.Debug|Any CPU.ActiveCfg = Debug|Any CPU
		{77237203-14EF-453D-B8B9-379FB4157A1F}.Debug|Any CPU.Build.0 = Debug|Any CPU
		{77237203-14EF-453D-B8B9-379FB4157A1F}.Release|Any CPU.ActiveCfg = Release|Any CPU
		{77237203-14EF-453D-B8B9-379FB4157A1F}.Release|Any CPU.Build.0 = Release|Any CPU
	EndGlobalSection
	GlobalSection(SolutionProperties) = preSolution
		HideSolutionNode = FALSE
	EndGlobalSection
	GlobalSection(ExtensibilityGlobals) = postSolution
		SolutionGuid = {5A62C500-250D-4AED-B4D4-80954A9D4154}
	EndGlobalSection
EndGlobal
